// !$*UTF8*$!
{
	archiveVersion = 1;
	classes = {
	};
	objectVersion = 48;
	objects = {

/* Begin PBXBuildFile section */
		26C0183E207F45260094C2EC /* AppDelegate.swift in Sources */ = {isa = PBXBuildFile; fileRef = 26C0183D207F45260094C2EC /* AppDelegate.swift */; };
		26C01840207F45260094C2EC /* ViewController.swift in Sources */ = {isa = PBXBuildFile; fileRef = 26C0183F207F45260094C2EC /* ViewController.swift */; };
		26C01843207F45260094C2EC /* Main.storyboard in Resources */ = {isa = PBXBuildFile; fileRef = 26C01841207F45260094C2EC /* Main.storyboard */; };
		26C01845207F45260094C2EC /* Assets.xcassets in Resources */ = {isa = PBXBuildFile; fileRef = 26C01844207F45260094C2EC /* Assets.xcassets */; };
		26C01848207F45260094C2EC /* LaunchScreen.storyboard in Resources */ = {isa = PBXBuildFile; fileRef = 26C01846207F45260094C2EC /* LaunchScreen.storyboard */; };
		26C01853207F45260094C2EC /* TechMonsterTests.swift in Sources */ = {isa = PBXBuildFile; fileRef = 26C01852207F45260094C2EC /* TechMonsterTests.swift */; };
		26C0185E207F45260094C2EC /* TechMonsterUITests.swift in Sources */ = {isa = PBXBuildFile; fileRef = 26C0185D207F45260094C2EC /* TechMonsterUITests.swift */; };
		26C0193F207F457E0094C2EC /* lobby.png in Resources */ = {isa = PBXBuildFile; fileRef = 26C0192A207F457E0094C2EC /* lobby.png */; };
		26C01940207F457E0094C2EC /* battlebg.png in Resources */ = {isa = PBXBuildFile; fileRef = 26C0192B207F457E0094C2EC /* battlebg.png */; };
		26C01941207F457E0094C2EC /* bgimage.jpg in Resources */ = {isa = PBXBuildFile; fileRef = 26C0192C207F457E0094C2EC /* bgimage.jpg */; };
		26C01942207F457E0094C2EC /* waku.png in Resources */ = {isa = PBXBuildFile; fileRef = 26C0192D207F457E0094C2EC /* waku.png */; };
		26C01943207F457E0094C2EC /* gold_button.png in Resources */ = {isa = PBXBuildFile; fileRef = 26C0192E207F457E0094C2EC /* gold_button.png */; };
		26C01944207F457E0094C2EC /* yusya.png in Resources */ = {isa = PBXBuildFile; fileRef = 26C0192F207F457E0094C2EC /* yusya.png */; };
		26C01945207F457E0094C2EC /* monster.png in Resources */ = {isa = PBXBuildFile; fileRef = 26C01930207F457E0094C2EC /* monster.png */; };
		26C01946207F457E0094C2EC /* Enemy.swift in Sources */ = {isa = PBXBuildFile; fileRef = 26C01932207F457E0094C2EC /* Enemy.swift */; };
		26C01947207F457E0094C2EC /* TechDraUtil.swift in Sources */ = {isa = PBXBuildFile; fileRef = 26C01933207F457E0094C2EC /* TechDraUtil.swift */; };
		26C01948207F457E0094C2EC /* Player.swift in Sources */ = {isa = PBXBuildFile; fileRef = 26C01934207F457E0094C2EC /* Player.swift */; };
		26C01949207F457E0094C2EC /* SE_fanfare.mp3 in Resources */ = {isa = PBXBuildFile; fileRef = 26C01936207F457E0094C2EC /* SE_fanfare.mp3 */; };
		26C0194A207F457E0094C2EC /* BGM_battle001.mp3 in Resources */ = {isa = PBXBuildFile; fileRef = 26C01937207F457E0094C2EC /* BGM_battle001.mp3 */; };
		26C0194B207F457E0094C2EC /* SE_fire.mp3 in Resources */ = {isa = PBXBuildFile; fileRef = 26C01938207F457E0094C2EC /* SE_fire.mp3 */; };
		26C0194C207F457E0094C2EC /* SE_attack.mp3 in Resources */ = {isa = PBXBuildFile; fileRef = 26C01939207F457E0094C2EC /* SE_attack.mp3 */; };
		26C0194D207F457E0094C2EC /* SE_gameover.mp3 in Resources */ = {isa = PBXBuildFile; fileRef = 26C0193A207F457E0094C2EC /* SE_gameover.mp3 */; };
		26C0194E207F457E0094C2EC /* SE_charge.mp3 in Resources */ = {isa = PBXBuildFile; fileRef = 26C0193B207F457E0094C2EC /* SE_charge.mp3 */; };
		26C0194F207F457E0094C2EC /* lobby.mp3 in Resources */ = {isa = PBXBuildFile; fileRef = 26C0193C207F457E0094C2EC /* lobby.mp3 */; };
		26C01950207F457E0094C2EC /* misaki_gothic.ttf in Resources */ = {isa = PBXBuildFile; fileRef = 26C0193E207F457E0094C2EC /* misaki_gothic.ttf */; };
		26C01952207F4E9A0094C2EC /* LobbyViewController.swift in Sources */ = {isa = PBXBuildFile; fileRef = 26C01951207F4E9A0094C2EC /* LobbyViewController.swift */; };
		26C01954207F4EEE0094C2EC /* ButtleViewController.swift in Sources */ = {isa = PBXBuildFile; fileRef = 26C01953207F4EEE0094C2EC /* ButtleViewController.swift */; };
/* End PBXBuildFile section */

/* Begin PBXContainerItemProxy section */
		26C0184F207F45260094C2EC /* PBXContainerItemProxy */ = {
			isa = PBXContainerItemProxy;
			containerPortal = 26C01832207F45260094C2EC /* Project object */;
			proxyType = 1;
			remoteGlobalIDString = 26C01839207F45260094C2EC;
			remoteInfo = TechMonster;
		};
		26C0185A207F45260094C2EC /* PBXContainerItemProxy */ = {
			isa = PBXContainerItemProxy;
			containerPortal = 26C01832207F45260094C2EC /* Project object */;
			proxyType = 1;
			remoteGlobalIDString = 26C01839207F45260094C2EC;
			remoteInfo = TechMonster;
		};
/* End PBXContainerItemProxy section */

/* Begin PBXFileReference section */
		26C0183A207F45260094C2EC /* TechMonster.app */ = {isa = PBXFileReference; explicitFileType = wrapper.application; includeInIndex = 0; path = TechMonster.app; sourceTree = BUILT_PRODUCTS_DIR; };
		26C0183D207F45260094C2EC /* AppDelegate.swift */ = {isa = PBXFileReference; lastKnownFileType = sourcecode.swift; path = AppDelegate.swift; sourceTree = "<group>"; };
		26C0183F207F45260094C2EC /* ViewController.swift */ = {isa = PBXFileReference; lastKnownFileType = sourcecode.swift; path = ViewController.swift; sourceTree = "<group>"; };
		26C01842207F45260094C2EC /* Base */ = {isa = PBXFileReference; lastKnownFileType = file.storyboard; name = Base; path = Base.lproj/Main.storyboard; sourceTree = "<group>"; };
		26C01844207F45260094C2EC /* Assets.xcassets */ = {isa = PBXFileReference; lastKnownFileType = folder.assetcatalog; path = Assets.xcassets; sourceTree = "<group>"; };
		26C01847207F45260094C2EC /* Base */ = {isa = PBXFileReference; lastKnownFileType = file.storyboard; name = Base; path = Base.lproj/LaunchScreen.storyboard; sourceTree = "<group>"; };
		26C01849207F45260094C2EC /* Info.plist */ = {isa = PBXFileReference; lastKnownFileType = text.plist.xml; path = Info.plist; sourceTree = "<group>"; };
		26C0184E207F45260094C2EC /* TechMonsterTests.xctest */ = {isa = PBXFileReference; explicitFileType = wrapper.cfbundle; includeInIndex = 0; path = TechMonsterTests.xctest; sourceTree = BUILT_PRODUCTS_DIR; };
		26C01852207F45260094C2EC /* TechMonsterTests.swift */ = {isa = PBXFileReference; lastKnownFileType = sourcecode.swift; path = TechMonsterTests.swift; sourceTree = "<group>"; };
		26C01854207F45260094C2EC /* Info.plist */ = {isa = PBXFileReference; lastKnownFileType = text.plist.xml; path = Info.plist; sourceTree = "<group>"; };
		26C01859207F45260094C2EC /* TechMonsterUITests.xctest */ = {isa = PBXFileReference; explicitFileType = wrapper.cfbundle; includeInIndex = 0; path = TechMonsterUITests.xctest; sourceTree = BUILT_PRODUCTS_DIR; };
		26C0185D207F45260094C2EC /* TechMonsterUITests.swift */ = {isa = PBXFileReference; lastKnownFileType = sourcecode.swift; path = TechMonsterUITests.swift; sourceTree = "<group>"; };
		26C0185F207F45270094C2EC /* Info.plist */ = {isa = PBXFileReference; lastKnownFileType = text.plist.xml; path = Info.plist; sourceTree = "<group>"; };
		26C0192A207F457E0094C2EC /* lobby.png */ = {isa = PBXFileReference; lastKnownFileType = image.png; path = lobby.png; sourceTree = "<group>"; };
		26C0192B207F457E0094C2EC /* battlebg.png */ = {isa = PBXFileReference; lastKnownFileType = image.png; path = battlebg.png; sourceTree = "<group>"; };
		26C0192C207F457E0094C2EC /* bgimage.jpg */ = {isa = PBXFileReference; lastKnownFileType = image.jpeg; path = bgimage.jpg; sourceTree = "<group>"; };
		26C0192D207F457E0094C2EC /* waku.png */ = {isa = PBXFileReference; lastKnownFileType = image.png; path = waku.png; sourceTree = "<group>"; };
		26C0192E207F457E0094C2EC /* gold_button.png */ = {isa = PBXFileReference; lastKnownFileType = image.png; path = gold_button.png; sourceTree = "<group>"; };
		26C0192F207F457E0094C2EC /* yusya.png */ = {isa = PBXFileReference; lastKnownFileType = image.png; path = yusya.png; sourceTree = "<group>"; };
		26C01930207F457E0094C2EC /* monster.png */ = {isa = PBXFileReference; lastKnownFileType = image.png; path = monster.png; sourceTree = "<group>"; };
		26C01932207F457E0094C2EC /* Enemy.swift */ = {isa = PBXFileReference; fileEncoding = 4; lastKnownFileType = sourcecode.swift; path = Enemy.swift; sourceTree = "<group>"; };
		26C01933207F457E0094C2EC /* TechDraUtil.swift */ = {isa = PBXFileReference; fileEncoding = 4; lastKnownFileType = sourcecode.swift; path = TechDraUtil.swift; sourceTree = "<group>"; };
		26C01934207F457E0094C2EC /* Player.swift */ = {isa = PBXFileReference; fileEncoding = 4; lastKnownFileType = sourcecode.swift; path = Player.swift; sourceTree = "<group>"; };
		26C01936207F457E0094C2EC /* SE_fanfare.mp3 */ = {isa = PBXFileReference; lastKnownFileType = audio.mp3; path = SE_fanfare.mp3; sourceTree = "<group>"; };
		26C01937207F457E0094C2EC /* BGM_battle001.mp3 */ = {isa = PBXFileReference; lastKnownFileType = audio.mp3; path = BGM_battle001.mp3; sourceTree = "<group>"; };
		26C01938207F457E0094C2EC /* SE_fire.mp3 */ = {isa = PBXFileReference; lastKnownFileType = audio.mp3; path = SE_fire.mp3; sourceTree = "<group>"; };
		26C01939207F457E0094C2EC /* SE_attack.mp3 */ = {isa = PBXFileReference; lastKnownFileType = audio.mp3; path = SE_attack.mp3; sourceTree = "<group>"; };
		26C0193A207F457E0094C2EC /* SE_gameover.mp3 */ = {isa = PBXFileReference; lastKnownFileType = audio.mp3; path = SE_gameover.mp3; sourceTree = "<group>"; };
		26C0193B207F457E0094C2EC /* SE_charge.mp3 */ = {isa = PBXFileReference; lastKnownFileType = audio.mp3; path = SE_charge.mp3; sourceTree = "<group>"; };
		26C0193C207F457E0094C2EC /* lobby.mp3 */ = {isa = PBXFileReference; lastKnownFileType = audio.mp3; path = lobby.mp3; sourceTree = "<group>"; };
		26C0193E207F457E0094C2EC /* misaki_gothic.ttf */ = {isa = PBXFileReference; lastKnownFileType = file; path = misaki_gothic.ttf; sourceTree = "<group>"; };
		26C01951207F4E9A0094C2EC /* LobbyViewController.swift */ = {isa = PBXFileReference; lastKnownFileType = sourcecode.swift; path = LobbyViewController.swift; sourceTree = "<group>"; };
		26C01953207F4EEE0094C2EC /* ButtleViewController.swift */ = {isa = PBXFileReference; lastKnownFileType = sourcecode.swift; path = ButtleViewController.swift; sourceTree = "<group>"; };
/* End PBXFileReference section */

/* Begin PBXFrameworksBuildPhase section */
		26C01837207F45260094C2EC /* Frameworks */ = {
			isa = PBXFrameworksBuildPhase;
			buildActionMask = 2147483647;
			files = (
			);
			runOnlyForDeploymentPostprocessing = 0;
		};
		26C0184B207F45260094C2EC /* Frameworks */ = {
			isa = PBXFrameworksBuildPhase;
			buildActionMask = 2147483647;
			files = (
			);
			runOnlyForDeploymentPostprocessing = 0;
		};
		26C01856207F45260094C2EC /* Frameworks */ = {
			isa = PBXFrameworksBuildPhase;
			buildActionMask = 2147483647;
			files = (
			);
			runOnlyForDeploymentPostprocessing = 0;
		};
/* End PBXFrameworksBuildPhase section */

/* Begin PBXGroup section */
		26C01831207F45260094C2EC = {
			isa = PBXGroup;
			children = (
				26C01928207F457E0094C2EC /* TechMon_Resources */,
				26C0183C207F45260094C2EC /* TechMonster */,
				26C01851207F45260094C2EC /* TechMonsterTests */,
				26C0185C207F45260094C2EC /* TechMonsterUITests */,
				26C0183B207F45260094C2EC /* Products */,
			);
			sourceTree = "<group>";
		};
		26C0183B207F45260094C2EC /* Products */ = {
			isa = PBXGroup;
			children = (
				26C0183A207F45260094C2EC /* TechMonster.app */,
				26C0184E207F45260094C2EC /* TechMonsterTests.xctest */,
				26C01859207F45260094C2EC /* TechMonsterUITests.xctest */,
			);
			name = Products;
			sourceTree = "<group>";
		};
		26C0183C207F45260094C2EC /* TechMonster */ = {
			isa = PBXGroup;
			children = (
				26C0183D207F45260094C2EC /* AppDelegate.swift */,
				26C0183F207F45260094C2EC /* ViewController.swift */,
				26C01841207F45260094C2EC /* Main.storyboard */,
				26C01844207F45260094C2EC /* Assets.xcassets */,
				26C01846207F45260094C2EC /* LaunchScreen.storyboard */,
				26C01849207F45260094C2EC /* Info.plist */,
				26C01951207F4E9A0094C2EC /* LobbyViewController.swift */,
				26C01953207F4EEE0094C2EC /* ButtleViewController.swift */,
			);
			path = TechMonster;
			sourceTree = "<group>";
		};
		26C01851207F45260094C2EC /* TechMonsterTests */ = {
			isa = PBXGroup;
			children = (
				26C01852207F45260094C2EC /* TechMonsterTests.swift */,
				26C01854207F45260094C2EC /* Info.plist */,
			);
			path = TechMonsterTests;
			sourceTree = "<group>";
		};
		26C0185C207F45260094C2EC /* TechMonsterUITests */ = {
			isa = PBXGroup;
			children = (
				26C0185D207F45260094C2EC /* TechMonsterUITests.swift */,
				26C0185F207F45270094C2EC /* Info.plist */,
			);
			path = TechMonsterUITests;
			sourceTree = "<group>";
		};
		26C01928207F457E0094C2EC /* TechMon_Resources */ = {
			isa = PBXGroup;
			children = (
				26C01929207F457E0094C2EC /* Images */,
				26C01931207F457E0094C2EC /* Models */,
				26C01935207F457E0094C2EC /* Sounds */,
				26C0193D207F457E0094C2EC /* Fonts */,
			);
			path = TechMon_Resources;
			sourceTree = "<group>";
		};
		26C01929207F457E0094C2EC /* Images */ = {
			isa = PBXGroup;
			children = (
				26C0192A207F457E0094C2EC /* lobby.png */,
				26C0192B207F457E0094C2EC /* battlebg.png */,
				26C0192C207F457E0094C2EC /* bgimage.jpg */,
				26C0192D207F457E0094C2EC /* waku.png */,
				26C0192E207F457E0094C2EC /* gold_button.png */,
				26C0192F207F457E0094C2EC /* yusya.png */,
				26C01930207F457E0094C2EC /* monster.png */,
			);
			path = Images;
			sourceTree = "<group>";
		};
		26C01931207F457E0094C2EC /* Models */ = {
			isa = PBXGroup;
			children = (
				26C01932207F457E0094C2EC /* Enemy.swift */,
				26C01933207F457E0094C2EC /* TechDraUtil.swift */,
				26C01934207F457E0094C2EC /* Player.swift */,
			);
			path = Models;
			sourceTree = "<group>";
		};
		26C01935207F457E0094C2EC /* Sounds */ = {
			isa = PBXGroup;
			children = (
				26C01936207F457E0094C2EC /* SE_fanfare.mp3 */,
				26C01937207F457E0094C2EC /* BGM_battle001.mp3 */,
				26C01938207F457E0094C2EC /* SE_fire.mp3 */,
				26C01939207F457E0094C2EC /* SE_attack.mp3 */,
				26C0193A207F457E0094C2EC /* SE_gameover.mp3 */,
				26C0193B207F457E0094C2EC /* SE_charge.mp3 */,
				26C0193C207F457E0094C2EC /* lobby.mp3 */,
			);
			path = Sounds;
			sourceTree = "<group>";
		};
		26C0193D207F457E0094C2EC /* Fonts */ = {
			isa = PBXGroup;
			children = (
				26C0193E207F457E0094C2EC /* misaki_gothic.ttf */,
			);
			path = Fonts;
			sourceTree = "<group>";
		};
/* End PBXGroup section */

/* Begin PBXNativeTarget section */
		26C01839207F45260094C2EC /* TechMonster */ = {
			isa = PBXNativeTarget;
			buildConfigurationList = 26C01862207F45270094C2EC /* Build configuration list for PBXNativeTarget "TechMonster" */;
			buildPhases = (
				26C01836207F45260094C2EC /* Sources */,
				26C01837207F45260094C2EC /* Frameworks */,
				26C01838207F45260094C2EC /* Resources */,
			);
			buildRules = (
			);
			dependencies = (
			);
			name = TechMonster;
			productName = TechMonster;
			productReference = 26C0183A207F45260094C2EC /* TechMonster.app */;
			productType = "com.apple.product-type.application";
		};
		26C0184D207F45260094C2EC /* TechMonsterTests */ = {
			isa = PBXNativeTarget;
			buildConfigurationList = 26C01865207F45270094C2EC /* Build configuration list for PBXNativeTarget "TechMonsterTests" */;
			buildPhases = (
				26C0184A207F45260094C2EC /* Sources */,
				26C0184B207F45260094C2EC /* Frameworks */,
				26C0184C207F45260094C2EC /* Resources */,
			);
			buildRules = (
			);
			dependencies = (
				26C01850207F45260094C2EC /* PBXTargetDependency */,
			);
			name = TechMonsterTests;
			productName = TechMonsterTests;
			productReference = 26C0184E207F45260094C2EC /* TechMonsterTests.xctest */;
			productType = "com.apple.product-type.bundle.unit-test";
		};
		26C01858207F45260094C2EC /* TechMonsterUITests */ = {
			isa = PBXNativeTarget;
			buildConfigurationList = 26C01868207F45270094C2EC /* Build configuration list for PBXNativeTarget "TechMonsterUITests" */;
			buildPhases = (
				26C01855207F45260094C2EC /* Sources */,
				26C01856207F45260094C2EC /* Frameworks */,
				26C01857207F45260094C2EC /* Resources */,
			);
			buildRules = (
			);
			dependencies = (
				26C0185B207F45260094C2EC /* PBXTargetDependency */,
			);
			name = TechMonsterUITests;
			productName = TechMonsterUITests;
			productReference = 26C01859207F45260094C2EC /* TechMonsterUITests.xctest */;
			productType = "com.apple.product-type.bundle.ui-testing";
		};
/* End PBXNativeTarget section */

/* Begin PBXProject section */
		26C01832207F45260094C2EC /* Project object */ = {
			isa = PBXProject;
			attributes = {
				LastSwiftUpdateCheck = 0920;
				LastUpgradeCheck = 0920;
				ORGANIZATIONNAME = RioYoshikawa;
				TargetAttributes = {
					26C01839207F45260094C2EC = {
						CreatedOnToolsVersion = 9.2;
						ProvisioningStyle = Automatic;
					};
					26C0184D207F45260094C2EC = {
						CreatedOnToolsVersion = 9.2;
						ProvisioningStyle = Automatic;
						TestTargetID = 26C01839207F45260094C2EC;
					};
					26C01858207F45260094C2EC = {
						CreatedOnToolsVersion = 9.2;
						ProvisioningStyle = Automatic;
						TestTargetID = 26C01839207F45260094C2EC;
					};
				};
			};
			buildConfigurationList = 26C01835207F45260094C2EC /* Build configuration list for PBXProject "TechMonster" */;
			compatibilityVersion = "Xcode 8.0";
			developmentRegion = en;
			hasScannedForEncodings = 0;
			knownRegions = (
				en,
				Base,
			);
			mainGroup = 26C01831207F45260094C2EC;
			productRefGroup = 26C0183B207F45260094C2EC /* Products */;
			projectDirPath = "";
			projectRoot = "";
			targets = (
				26C01839207F45260094C2EC /* TechMonster */,
				26C0184D207F45260094C2EC /* TechMonsterTests */,
				26C01858207F45260094C2EC /* TechMonsterUITests */,
			);
		};
/* End PBXProject section */

/* Begin PBXResourcesBuildPhase section */
		26C01838207F45260094C2EC /* Resources */ = {
			isa = PBXResourcesBuildPhase;
			buildActionMask = 2147483647;
			files = (
				26C01944207F457E0094C2EC /* yusya.png in Resources */,
				26C01941207F457E0094C2EC /* bgimage.jpg in Resources */,
				26C01942207F457E0094C2EC /* waku.png in Resources */,
				26C01949207F457E0094C2EC /* SE_fanfare.mp3 in Resources */,
				26C0193F207F457E0094C2EC /* lobby.png in Resources */,
				26C01943207F457E0094C2EC /* gold_button.png in Resources */,
				26C0194C207F457E0094C2EC /* SE_attack.mp3 in Resources */,
				26C01848207F45260094C2EC /* LaunchScreen.storyboard in Resources */,
				26C0194F207F457E0094C2EC /* lobby.mp3 in Resources */,
				26C01845207F45260094C2EC /* Assets.xcassets in Resources */,
				26C01950207F457E0094C2EC /* misaki_gothic.ttf in Resources */,
				26C0194D207F457E0094C2EC /* SE_gameover.mp3 in Resources */,
				26C01940207F457E0094C2EC /* battlebg.png in Resources */,
				26C0194A207F457E0094C2EC /* BGM_battle001.mp3 in Resources */,
				26C0194E207F457E0094C2EC /* SE_charge.mp3 in Resources */,
				26C0194B207F457E0094C2EC /* SE_fire.mp3 in Resources */,
				26C01945207F457E0094C2EC /* monster.png in Resources */,
				26C01843207F45260094C2EC /* Main.storyboard in Resources */,
			);
			runOnlyForDeploymentPostprocessing = 0;
		};
		26C0184C207F45260094C2EC /* Resources */ = {
			isa = PBXResourcesBuildPhase;
			buildActionMask = 2147483647;
			files = (
			);
			runOnlyForDeploymentPostprocessing = 0;
		};
		26C01857207F45260094C2EC /* Resources */ = {
			isa = PBXResourcesBuildPhase;
			buildActionMask = 2147483647;
			files = (
			);
			runOnlyForDeploymentPostprocessing = 0;
		};
/* End PBXResourcesBuildPhase section */

/* Begin PBXSourcesBuildPhase section */
		26C01836207F45260094C2EC /* Sources */ = {
			isa = PBXSourcesBuildPhase;
			buildActionMask = 2147483647;
			files = (
				26C01840207F45260094C2EC /* ViewController.swift in Sources */,
				26C01947207F457E0094C2EC /* TechDraUtil.swift in Sources */,
				26C0183E207F45260094C2EC /* AppDelegate.swift in Sources */,
				26C01952207F4E9A0094C2EC /* LobbyViewController.swift in Sources */,
				26C01948207F457E0094C2EC /* Player.swift in Sources */,
				26C01946207F457E0094C2EC /* Enemy.swift in Sources */,
				26C01954207F4EEE0094C2EC /* ButtleViewController.swift in Sources */,
			);
			runOnlyForDeploymentPostprocessing = 0;
		};
		26C0184A207F45260094C2EC /* Sources */ = {
			isa = PBXSourcesBuildPhase;
			buildActionMask = 2147483647;
			files = (
				26C01853207F45260094C2EC /* TechMonsterTests.swift in Sources */,
			);
			runOnlyForDeploymentPostprocessing = 0;
		};
		26C01855207F45260094C2EC /* Sources */ = {
			isa = PBXSourcesBuildPhase;
			buildActionMask = 2147483647;
			files = (
				26C0185E207F45260094C2EC /* TechMonsterUITests.swift in Sources */,
			);
			runOnlyForDeploymentPostprocessing = 0;
		};
/* End PBXSourcesBuildPhase section */

/* Begin PBXTargetDependency section */
		26C01850207F45260094C2EC /* PBXTargetDependency */ = {
			isa = PBXTargetDependency;
			target = 26C01839207F45260094C2EC /* TechMonster */;
			targetProxy = 26C0184F207F45260094C2EC /* PBXContainerItemProxy */;
		};
		26C0185B207F45260094C2EC /* PBXTargetDependency */ = {
			isa = PBXTargetDependency;
			target = 26C01839207F45260094C2EC /* TechMonster */;
			targetProxy = 26C0185A207F45260094C2EC /* PBXContainerItemProxy */;
		};
/* End PBXTargetDependency section */

/* Begin PBXVariantGroup section */
		26C01841207F45260094C2EC /* Main.storyboard */ = {
			isa = PBXVariantGroup;
			children = (
				26C01842207F45260094C2EC /* Base */,
			);
			name = Main.storyboard;
			sourceTree = "<group>";
		};
		26C01846207F45260094C2EC /* LaunchScreen.storyboard */ = {
			isa = PBXVariantGroup;
			children = (
				26C01847207F45260094C2EC /* Base */,
			);
			name = LaunchScreen.storyboard;
			sourceTree = "<group>";
		};
/* End PBXVariantGroup section */

/* Begin XCBuildConfiguration section */
		26C01860207F45270094C2EC /* Debug */ = {
			isa = XCBuildConfiguration;
			buildSettings = {
				ALWAYS_SEARCH_USER_PATHS = NO;
				CLANG_ANALYZER_NONNULL = YES;
				CLANG_ANALYZER_NUMBER_OBJECT_CONVERSION = YES_AGGRESSIVE;
				CLANG_CXX_LANGUAGE_STANDARD = "gnu++14";
				CLANG_CXX_LIBRARY = "libc++";
				CLANG_ENABLE_MODULES = YES;
				CLANG_ENABLE_OBJC_ARC = YES;
				CLANG_WARN_BLOCK_CAPTURE_AUTORELEASING = YES;
				CLANG_WARN_BOOL_CONVERSION = YES;
				CLANG_WARN_COMMA = YES;
				CLANG_WARN_CONSTANT_CONVERSION = YES;
				CLANG_WARN_DIRECT_OBJC_ISA_USAGE = YES_ERROR;
				CLANG_WARN_DOCUMENTATION_COMMENTS = YES;
				CLANG_WARN_EMPTY_BODY = YES;
				CLANG_WARN_ENUM_CONVERSION = YES;
				CLANG_WARN_INFINITE_RECURSION = YES;
				CLANG_WARN_INT_CONVERSION = YES;
				CLANG_WARN_NON_LITERAL_NULL_CONVERSION = YES;
				CLANG_WARN_OBJC_LITERAL_CONVERSION = YES;
				CLANG_WARN_OBJC_ROOT_CLASS = YES_ERROR;
				CLANG_WARN_RANGE_LOOP_ANALYSIS = YES;
				CLANG_WARN_STRICT_PROTOTYPES = YES;
				CLANG_WARN_SUSPICIOUS_MOVE = YES;
				CLANG_WARN_UNGUARDED_AVAILABILITY = YES_AGGRESSIVE;
				CLANG_WARN_UNREACHABLE_CODE = YES;
				CLANG_WARN__DUPLICATE_METHOD_MATCH = YES;
				CODE_SIGN_IDENTITY = "iPhone Developer";
				COPY_PHASE_STRIP = NO;
				DEBUG_INFORMATION_FORMAT = dwarf;
				ENABLE_STRICT_OBJC_MSGSEND = YES;
				ENABLE_TESTABILITY = YES;
				GCC_C_LANGUAGE_STANDARD = gnu11;
				GCC_DYNAMIC_NO_PIC = NO;
				GCC_NO_COMMON_BLOCKS = YES;
				GCC_OPTIMIZATION_LEVEL = 0;
				GCC_PREPROCESSOR_DEFINITIONS = (
					"DEBUG=1",
					"$(inherited)",
				);
				GCC_WARN_64_TO_32_BIT_CONVERSION = YES;
				GCC_WARN_ABOUT_RETURN_TYPE = YES_ERROR;
				GCC_WARN_UNDECLARED_SELECTOR = YES;
				GCC_WARN_UNINITIALIZED_AUTOS = YES_AGGRESSIVE;
				GCC_WARN_UNUSED_FUNCTION = YES;
				GCC_WARN_UNUSED_VARIABLE = YES;
				IPHONEOS_DEPLOYMENT_TARGET = 11.2;
				MTL_ENABLE_DEBUG_INFO = YES;
				ONLY_ACTIVE_ARCH = YES;
				SDKROOT = iphoneos;
				SWIFT_ACTIVE_COMPILATION_CONDITIONS = DEBUG;
				SWIFT_OPTIMIZATION_LEVEL = "-Onone";
			};
			name = Debug;
		};
		26C01861207F45270094C2EC /* Release */ = {
			isa = XCBuildConfiguration;
			buildSettings = {
				ALWAYS_SEARCH_USER_PATHS = NO;
				CLANG_ANALYZER_NONNULL = YES;
				CLANG_ANALYZER_NUMBER_OBJECT_CONVERSION = YES_AGGRESSIVE;
				CLANG_CXX_LANGUAGE_STANDARD = "gnu++14";
				CLANG_CXX_LIBRARY = "libc++";
				CLANG_ENABLE_MODULES = YES;
				CLANG_ENABLE_OBJC_ARC = YES;
				CLANG_WARN_BLOCK_CAPTURE_AUTORELEASING = YES;
				CLANG_WARN_BOOL_CONVERSION = YES;
				CLANG_WARN_COMMA = YES;
				CLANG_WARN_CONSTANT_CONVERSION = YES;
				CLANG_WARN_DIRECT_OBJC_ISA_USAGE = YES_ERROR;
				CLANG_WARN_DOCUMENTATION_COMMENTS = YES;
				CLANG_WARN_EMPTY_BODY = YES;
				CLANG_WARN_ENUM_CONVERSION = YES;
				CLANG_WARN_INFINITE_RECURSION = YES;
				CLANG_WARN_INT_CONVERSION = YES;
				CLANG_WARN_NON_LITERAL_NULL_CONVERSION = YES;
				CLANG_WARN_OBJC_LITERAL_CONVERSION = YES;
				CLANG_WARN_OBJC_ROOT_CLASS = YES_ERROR;
				CLANG_WARN_RANGE_LOOP_ANALYSIS = YES;
				CLANG_WARN_STRICT_PROTOTYPES = YES;
				CLANG_WARN_SUSPICIOUS_MOVE = YES;
				CLANG_WARN_UNGUARDED_AVAILABILITY = YES_AGGRESSIVE;
				CLANG_WARN_UNREACHABLE_CODE = YES;
				CLANG_WARN__DUPLICATE_METHOD_MATCH = YES;
				CODE_SIGN_IDENTITY = "iPhone Developer";
				COPY_PHASE_STRIP = NO;
				DEBUG_INFORMATION_FORMAT = "dwarf-with-dsym";
				ENABLE_NS_ASSERTIONS = NO;
				ENABLE_STRICT_OBJC_MSGSEND = YES;
				GCC_C_LANGUAGE_STANDARD = gnu11;
				GCC_NO_COMMON_BLOCKS = YES;
				GCC_WARN_64_TO_32_BIT_CONVERSION = YES;
				GCC_WARN_ABOUT_RETURN_TYPE = YES_ERROR;
				GCC_WARN_UNDECLARED_SELECTOR = YES;
				GCC_WARN_UNINITIALIZED_AUTOS = YES_AGGRESSIVE;
				GCC_WARN_UNUSED_FUNCTION = YES;
				GCC_WARN_UNUSED_VARIABLE = YES;
				IPHONEOS_DEPLOYMENT_TARGET = 11.2;
				MTL_ENABLE_DEBUG_INFO = NO;
				SDKROOT = iphoneos;
				SWIFT_OPTIMIZATION_LEVEL = "-Owholemodule";
				VALIDATE_PRODUCT = YES;
			};
			name = Release;
		};
		26C01863207F45270094C2EC /* Debug */ = {
			isa = XCBuildConfiguration;
			buildSettings = {
				ASSETCATALOG_COMPILER_APPICON_NAME = AppIcon;
				CODE_SIGN_STYLE = Automatic;
				INFOPLIST_FILE = TechMonster/Info.plist;
				IPHONEOS_DEPLOYMENT_TARGET = 10.0;
				LD_RUNPATH_SEARCH_PATHS = "$(inherited) @executable_path/Frameworks";
				PRODUCT_BUNDLE_IDENTIFIER = chas.TechMonster;
				PRODUCT_NAME = "$(TARGET_NAME)";
				SWIFT_VERSION = 4.0;
				TARGETED_DEVICE_FAMILY = "1,2";
			};
			name = Debug;
		};
		26C01864207F45270094C2EC /* Release */ = {
			isa = XCBuildConfiguration;
			buildSettings = {
				ASSETCATALOG_COMPILER_APPICON_NAME = AppIcon;
				CODE_SIGN_STYLE = Automatic;
				INFOPLIST_FILE = TechMonster/Info.plist;
				IPHONEOS_DEPLOYMENT_TARGET = 10.0;
				LD_RUNPATH_SEARCH_PATHS = "$(inherited) @executable_path/Frameworks";
				PRODUCT_BUNDLE_IDENTIFIER = chas.TechMonster;
				PRODUCT_NAME = "$(TARGET_NAME)";
				SWIFT_VERSION = 4.0;
				TARGETED_DEVICE_FAMILY = "1,2";
			};
			name = Release;
		};
		26C01866207F45270094C2EC /* Debug */ = {
			isa = XCBuildConfiguration;
			buildSettings = {
				ALWAYS_EMBED_SWIFT_STANDARD_LIBRARIES = YES;
				BUNDLE_LOADER = "$(TEST_HOST)";
				CODE_SIGN_STYLE = Automatic;
				INFOPLIST_FILE = TechMonsterTests/Info.plist;
				LD_RUNPATH_SEARCH_PATHS = "$(inherited) @executable_path/Frameworks @loader_path/Frameworks";
				PRODUCT_BUNDLE_IDENTIFIER = chas.TechMonsterTests;
				PRODUCT_NAME = "$(TARGET_NAME)";
				SWIFT_VERSION = 4.0;
				TARGETED_DEVICE_FAMILY = "1,2";
				TEST_HOST = "$(BUILT_PRODUCTS_DIR)/TechMonster.app/TechMonster";
			};
			name = Debug;
		};
		26C01867207F45270094C2EC /* Release */ = {
			isa = XCBuildConfiguration;
			buildSettings = {
				ALWAYS_EMBED_SWIFT_STANDARD_LIBRARIES = YES;
				BUNDLE_LOADER = "$(TEST_HOST)";
				CODE_SIGN_STYLE = Automatic;
				INFOPLIST_FILE = TechMonsterTests/Info.plist;
				LD_RUNPATH_SEARCH_PATHS = "$(inherited) @executable_path/Frameworks @loader_path/Frameworks";
				PRODUCT_BUNDLE_IDENTIFIER = chas.TechMonsterTests;
				PRODUCT_NAME = "$(TARGET_NAME)";
				SWIFT_VERSION = 4.0;
				TARGETED_DEVICE_FAMILY = "1,2";
				TEST_HOST = "$(BUILT_PRODUCTS_DIR)/TechMonster.app/TechMonster";
			};
			name = Release;
		};
		26C01869207F45270094C2EC /* Debug */ = {
			isa = XCBuildConfiguration;
			buildSettings = {
				ALWAYS_EMBED_SWIFT_STANDARD_LIBRARIES = YES;
				CODE_SIGN_STYLE = Automatic;
				INFOPLIST_FILE = TechMonsterUITests/Info.plist;
				LD_RUNPATH_SEARCH_PATHS = "$(inherited) @executable_path/Frameworks @loader_path/Frameworks";
				PRODUCT_BUNDLE_IDENTIFIER = chas.TechMonsterUITests;
				PRODUCT_NAME = "$(TARGET_NAME)";
				SWIFT_VERSION = 4.0;
				TARGETED_DEVICE_FAMILY = "1,2";
				TEST_TARGET_NAME = TechMonster;
			};
			name = Debug;
		};
		26C0186A207F45270094C2EC /* Release */ = {
			isa = XCBuildConfiguration;
			buildSettings = {
				ALWAYS_EMBED_SWIFT_STANDARD_LIBRARIES = YES;
				CODE_SIGN_STYLE = Automatic;
				INFOPLIST_FILE = TechMonsterUITests/Info.plist;
				LD_RUNPATH_SEARCH_PATHS = "$(inherited) @executable_path/Frameworks @loader_path/Frameworks";
				PRODUCT_BUNDLE_IDENTIFIER = chas.TechMonsterUITests;
				PRODUCT_NAME = "$(TARGET_NAME)";
				SWIFT_VERSION = 4.0;
				TARGETED_DEVICE_FAMILY = "1,2";
				TEST_TARGET_NAME = TechMonster;
			};
			name = Release;
		};
/* End XCBuildConfiguration section */

/* Begin XCConfigurationList section */
		26C01835207F45260094C2EC /* Build configuration list for PBXProject "TechMonster" */ = {
			isa = XCConfigurationList;
			buildConfigurations = (
				26C01860207F45270094C2EC /* Debug */,
				26C01861207F45270094C2EC /* Release */,
			);
			defaultConfigurationIsVisible = 0;
			defaultConfigurationName = Release;
		};
		26C01862207F45270094C2EC /* Build configuration list for PBXNativeTarget "TechMonster" */ = {
			isa = XCConfigurationList;
			buildConfigurations = (
				26C01863207F45270094C2EC /* Debug */,
				26C01864207F45270094C2EC /* Release */,
			);
			defaultConfigurationIsVisible = 0;
			defaultConfigurationName = Release;
		};
		26C01865207F45270094C2EC /* Build configuration list for PBXNativeTarget "TechMonsterTests" */ = {
			isa = XCConfigurationList;
			buildConfigurations = (
				26C01866207F45270094C2EC /* Debug */,
				26C01867207F45270094C2EC /* Release */,
			);
			defaultConfigurationIsVisible = 0;
			defaultConfigurationName = Release;
		};
		26C01868207F45270094C2EC /* Build configuration list for PBXNativeTarget "TechMonsterUITests" */ = {
			isa = XCConfigurationList;
			buildConfigurations = (
				26C01869207F45270094C2EC /* Debug */,
				26C0186A207F45270094C2EC /* Release */,
			);
			defaultConfigurationIsVisible = 0;
			defaultConfigurationName = Release;
		};
/* End XCConfigurationList section */
	};
	rootObject = 26C01832207F45260094C2EC /* Project object */;
}
